
Microsoft Visual Studio Solution File, Format Version 12.00
# Visual Studio Version 17
VisualStudioVersion = 17.10.35013.160
MinimumVisualStudioVersion = 10.0.40219.1
Project("{9A19103F-16F7-4668-BE54-9A1E7A4F7556}") = "Travail-Pratique-1-aliciaach", "Travail-Pratique-1-aliciaach.csproj", "{D9D0E001-4D69-464C-8151-2BE2F08667B3}"
EndProject
Global
	GlobalSection(SolutionConfigurationPlatforms) = preSolution
		Debug|Any CPU = Debug|Any CPU
		Release|Any CPU = Release|Any CPU
	EndGlobalSection
	GlobalSection(ProjectConfigurationPlatforms) = postSolution
		{D9D0E001-4D69-464C-8151-2BE2F08667B3}.Debug|Any CPU.ActiveCfg = Debug|Any CPU
		{D9D0E001-4D69-464C-8151-2BE2F08667B3}.Debug|Any CPU.Build.0 = Debug|Any CPU
		{D9D0E001-4D69-464C-8151-2BE2F08667B3}.Release|Any CPU.ActiveCfg = Release|Any CPU
		{D9D0E001-4D69-464C-8151-2BE2F08667B3}.Release|Any CPU.Build.0 = Release|Any CPU
	EndGlobalSection
	GlobalSection(SolutionProperties) = preSolution
		HideSolutionNode = FALSE
	EndGlobalSection
	GlobalSection(ExtensibilityGlobals) = postSolution
		SolutionGuid = {123B5801-541A-4382-9947-FD1821049E17}
	EndGlobalSection
EndGlobal
